// !$*UTF8*$!
{
	archiveVersion = 1;
	classes = {
	};
	objectVersion = 50;
	objects = {

/* Begin PBXBuildFile section */
		0D023C6F560A45E850A21D26 /* Pods_PostsTests.framework in Frameworks */ = {isa = PBXBuildFile; fileRef = 095FD80E53F48763D3B0AF10 /* Pods_PostsTests.framework */; };
		104CB2942296C23500204D66 /* AppDelegate.swift in Sources */ = {isa = PBXBuildFile; fileRef = 104CB2932296C23500204D66 /* AppDelegate.swift */; };
		104CB2962296C23500204D66 /* ViewController.swift in Sources */ = {isa = PBXBuildFile; fileRef = 104CB2952296C23500204D66 /* ViewController.swift */; };
		104CB2992296C23500204D66 /* Main.storyboard in Resources */ = {isa = PBXBuildFile; fileRef = 104CB2972296C23500204D66 /* Main.storyboard */; };
		104CB29B2296C23800204D66 /* Assets.xcassets in Resources */ = {isa = PBXBuildFile; fileRef = 104CB29A2296C23800204D66 /* Assets.xcassets */; };
		104CB29E2296C23800204D66 /* LaunchScreen.storyboard in Resources */ = {isa = PBXBuildFile; fileRef = 104CB29C2296C23800204D66 /* LaunchScreen.storyboard */; };
		104CB2A92296C23800204D66 /* PostsTests.swift in Sources */ = {isa = PBXBuildFile; fileRef = 104CB2A82296C23800204D66 /* PostsTests.swift */; };
		104CB2B42296C23800204D66 /* PostsUITests.swift in Sources */ = {isa = PBXBuildFile; fileRef = 104CB2B32296C23800204D66 /* PostsUITests.swift */; };
		6FF37FF4B270D658FDCDA3B2 /* Pods_PostsUITests.framework in Frameworks */ = {isa = PBXBuildFile; fileRef = 1C0E050F652998C86BF9AF36 /* Pods_PostsUITests.framework */; };
		F1CCAA592115E7B0D5091DF8 /* Pods_Posts.framework in Frameworks */ = {isa = PBXBuildFile; fileRef = C6BBACDC62414363F684E8E7 /* Pods_Posts.framework */; };
/* End PBXBuildFile section */

/* Begin PBXContainerItemProxy section */
		104CB2A52296C23800204D66 /* PBXContainerItemProxy */ = {
			isa = PBXContainerItemProxy;
			containerPortal = 104CB2882296C23500204D66 /* Project object */;
			proxyType = 1;
			remoteGlobalIDString = 104CB28F2296C23500204D66;
			remoteInfo = Posts;
		};
		104CB2B02296C23800204D66 /* PBXContainerItemProxy */ = {
			isa = PBXContainerItemProxy;
			containerPortal = 104CB2882296C23500204D66 /* Project object */;
			proxyType = 1;
			remoteGlobalIDString = 104CB28F2296C23500204D66;
			remoteInfo = Posts;
		};
/* End PBXContainerItemProxy section */

/* Begin PBXFileReference section */
		095FD80E53F48763D3B0AF10 /* Pods_PostsTests.framework */ = {isa = PBXFileReference; explicitFileType = wrapper.framework; includeInIndex = 0; path = Pods_PostsTests.framework; sourceTree = BUILT_PRODUCTS_DIR; };
		104CB2902296C23500204D66 /* Posts.app */ = {isa = PBXFileReference; explicitFileType = wrapper.application; includeInIndex = 0; path = Posts.app; sourceTree = BUILT_PRODUCTS_DIR; };
		104CB2932296C23500204D66 /* AppDelegate.swift */ = {isa = PBXFileReference; lastKnownFileType = sourcecode.swift; path = AppDelegate.swift; sourceTree = "<group>"; };
		104CB2952296C23500204D66 /* ViewController.swift */ = {isa = PBXFileReference; lastKnownFileType = sourcecode.swift; path = ViewController.swift; sourceTree = "<group>"; };
		104CB2982296C23500204D66 /* Base */ = {isa = PBXFileReference; lastKnownFileType = file.storyboard; name = Base; path = Base.lproj/Main.storyboard; sourceTree = "<group>"; };
		104CB29A2296C23800204D66 /* Assets.xcassets */ = {isa = PBXFileReference; lastKnownFileType = folder.assetcatalog; path = Assets.xcassets; sourceTree = "<group>"; };
		104CB29D2296C23800204D66 /* Base */ = {isa = PBXFileReference; lastKnownFileType = file.storyboard; name = Base; path = Base.lproj/LaunchScreen.storyboard; sourceTree = "<group>"; };
		104CB29F2296C23800204D66 /* Info.plist */ = {isa = PBXFileReference; lastKnownFileType = text.plist.xml; path = Info.plist; sourceTree = "<group>"; };
		104CB2A42296C23800204D66 /* PostsTests.xctest */ = {isa = PBXFileReference; explicitFileType = wrapper.cfbundle; includeInIndex = 0; path = PostsTests.xctest; sourceTree = BUILT_PRODUCTS_DIR; };
		104CB2A82296C23800204D66 /* PostsTests.swift */ = {isa = PBXFileReference; lastKnownFileType = sourcecode.swift; path = PostsTests.swift; sourceTree = "<group>"; };
		104CB2AA2296C23800204D66 /* Info.plist */ = {isa = PBXFileReference; lastKnownFileType = text.plist.xml; path = Info.plist; sourceTree = "<group>"; };
		104CB2AF2296C23800204D66 /* PostsUITests.xctest */ = {isa = PBXFileReference; explicitFileType = wrapper.cfbundle; includeInIndex = 0; path = PostsUITests.xctest; sourceTree = BUILT_PRODUCTS_DIR; };
		104CB2B32296C23800204D66 /* PostsUITests.swift */ = {isa = PBXFileReference; lastKnownFileType = sourcecode.swift; path = PostsUITests.swift; sourceTree = "<group>"; };
		104CB2B52296C23800204D66 /* Info.plist */ = {isa = PBXFileReference; lastKnownFileType = text.plist.xml; path = Info.plist; sourceTree = "<group>"; };
		1C0E050F652998C86BF9AF36 /* Pods_PostsUITests.framework */ = {isa = PBXFileReference; explicitFileType = wrapper.framework; includeInIndex = 0; path = Pods_PostsUITests.framework; sourceTree = BUILT_PRODUCTS_DIR; };
		8303CB5AD74885D736B7F53B /* Pods-PostsUITests.release.xcconfig */ = {isa = PBXFileReference; includeInIndex = 1; lastKnownFileType = text.xcconfig; name = "Pods-PostsUITests.release.xcconfig"; path = "Target Support Files/Pods-PostsUITests/Pods-PostsUITests.release.xcconfig"; sourceTree = "<group>"; };
		8AB6878D83DB95E8EF56D3EA /* Pods-PostsUITests.debug.xcconfig */ = {isa = PBXFileReference; includeInIndex = 1; lastKnownFileType = text.xcconfig; name = "Pods-PostsUITests.debug.xcconfig"; path = "Target Support Files/Pods-PostsUITests/Pods-PostsUITests.debug.xcconfig"; sourceTree = "<group>"; };
		AA1E73B65C76CA91A4E9DD6F /* Pods-Posts.debug.xcconfig */ = {isa = PBXFileReference; includeInIndex = 1; lastKnownFileType = text.xcconfig; name = "Pods-Posts.debug.xcconfig"; path = "Target Support Files/Pods-Posts/Pods-Posts.debug.xcconfig"; sourceTree = "<group>"; };
		B90793CCFB87AA8465F28090 /* Pods-PostsTests.release.xcconfig */ = {isa = PBXFileReference; includeInIndex = 1; lastKnownFileType = text.xcconfig; name = "Pods-PostsTests.release.xcconfig"; path = "Target Support Files/Pods-PostsTests/Pods-PostsTests.release.xcconfig"; sourceTree = "<group>"; };
		C09A91633DB7FE49A3A3DDA4 /* Pods-PostsTests.debug.xcconfig */ = {isa = PBXFileReference; includeInIndex = 1; lastKnownFileType = text.xcconfig; name = "Pods-PostsTests.debug.xcconfig"; path = "Target Support Files/Pods-PostsTests/Pods-PostsTests.debug.xcconfig"; sourceTree = "<group>"; };
		C6BBACDC62414363F684E8E7 /* Pods_Posts.framework */ = {isa = PBXFileReference; explicitFileType = wrapper.framework; includeInIndex = 0; path = Pods_Posts.framework; sourceTree = BUILT_PRODUCTS_DIR; };
		D85348B2A7F65A77F64C7A66 /* Pods-Posts.release.xcconfig */ = {isa = PBXFileReference; includeInIndex = 1; lastKnownFileType = text.xcconfig; name = "Pods-Posts.release.xcconfig"; path = "Target Support Files/Pods-Posts/Pods-Posts.release.xcconfig"; sourceTree = "<group>"; };
/* End PBXFileReference section */

/* Begin PBXFrameworksBuildPhase section */
		104CB28D2296C23500204D66 /* Frameworks */ = {
			isa = PBXFrameworksBuildPhase;
			buildActionMask = 2147483647;
			files = (
				F1CCAA592115E7B0D5091DF8 /* Pods_Posts.framework in Frameworks */,
			);
			runOnlyForDeploymentPostprocessing = 0;
		};
		104CB2A12296C23800204D66 /* Frameworks */ = {
			isa = PBXFrameworksBuildPhase;
			buildActionMask = 2147483647;
			files = (
				0D023C6F560A45E850A21D26 /* Pods_PostsTests.framework in Frameworks */,
			);
			runOnlyForDeploymentPostprocessing = 0;
		};
		104CB2AC2296C23800204D66 /* Frameworks */ = {
			isa = PBXFrameworksBuildPhase;
			buildActionMask = 2147483647;
			files = (
				6FF37FF4B270D658FDCDA3B2 /* Pods_PostsUITests.framework in Frameworks */,
			);
			runOnlyForDeploymentPostprocessing = 0;
		};
/* End PBXFrameworksBuildPhase section */

/* Begin PBXGroup section */
		104CB2872296C23500204D66 = {
			isa = PBXGroup;
			children = (
				104CB2922296C23500204D66 /* Posts */,
				104CB2A72296C23800204D66 /* PostsTests */,
				104CB2B22296C23800204D66 /* PostsUITests */,
				104CB2912296C23500204D66 /* Products */,
				518FAAE3357FE8710E05D67C /* Pods */,
				8A96509EBF23F3D34F764702 /* Frameworks */,
			);
			sourceTree = "<group>";
		};
		104CB2912296C23500204D66 /* Products */ = {
			isa = PBXGroup;
			children = (
				104CB2902296C23500204D66 /* Posts.app */,
				104CB2A42296C23800204D66 /* PostsTests.xctest */,
				104CB2AF2296C23800204D66 /* PostsUITests.xctest */,
			);
			name = Products;
			sourceTree = "<group>";
		};
		104CB2922296C23500204D66 /* Posts */ = {
			isa = PBXGroup;
			children = (
				104CB2932296C23500204D66 /* AppDelegate.swift */,
				104CB2952296C23500204D66 /* ViewController.swift */,
				104CB2972296C23500204D66 /* Main.storyboard */,
				104CB29A2296C23800204D66 /* Assets.xcassets */,
				104CB29C2296C23800204D66 /* LaunchScreen.storyboard */,
				104CB29F2296C23800204D66 /* Info.plist */,
			);
			path = Posts;
			sourceTree = "<group>";
		};
		104CB2A72296C23800204D66 /* PostsTests */ = {
			isa = PBXGroup;
			children = (
				104CB2A82296C23800204D66 /* PostsTests.swift */,
				104CB2AA2296C23800204D66 /* Info.plist */,
			);
			path = PostsTests;
			sourceTree = "<group>";
		};
		104CB2B22296C23800204D66 /* PostsUITests */ = {
			isa = PBXGroup;
			children = (
				104CB2B32296C23800204D66 /* PostsUITests.swift */,
				104CB2B52296C23800204D66 /* Info.plist */,
			);
			path = PostsUITests;
			sourceTree = "<group>";
		};
		518FAAE3357FE8710E05D67C /* Pods */ = {
			isa = PBXGroup;
			children = (
				AA1E73B65C76CA91A4E9DD6F /* Pods-Posts.debug.xcconfig */,
				D85348B2A7F65A77F64C7A66 /* Pods-Posts.release.xcconfig */,
				C09A91633DB7FE49A3A3DDA4 /* Pods-PostsTests.debug.xcconfig */,
				B90793CCFB87AA8465F28090 /* Pods-PostsTests.release.xcconfig */,
				8AB6878D83DB95E8EF56D3EA /* Pods-PostsUITests.debug.xcconfig */,
				8303CB5AD74885D736B7F53B /* Pods-PostsUITests.release.xcconfig */,
			);
			name = Pods;
			path = Pods;
			sourceTree = "<group>";
		};
		8A96509EBF23F3D34F764702 /* Frameworks */ = {
			isa = PBXGroup;
			children = (
				C6BBACDC62414363F684E8E7 /* Pods_Posts.framework */,
				095FD80E53F48763D3B0AF10 /* Pods_PostsTests.framework */,
				1C0E050F652998C86BF9AF36 /* Pods_PostsUITests.framework */,
			);
			name = Frameworks;
			sourceTree = "<group>";
		};
/* End PBXGroup section */

/* Begin PBXNativeTarget section */
		104CB28F2296C23500204D66 /* Posts */ = {
			isa = PBXNativeTarget;
			buildConfigurationList = 104CB2B82296C23800204D66 /* Build configuration list for PBXNativeTarget "Posts" */;
			buildPhases = (
				9171D0ED929F0CE23B185869 /* [CP] Check Pods Manifest.lock */,
				104CB28C2296C23500204D66 /* Sources */,
				104CB28D2296C23500204D66 /* Frameworks */,
				104CB28E2296C23500204D66 /* Resources */,
			);
			buildRules = (
			);
			dependencies = (
			);
			name = Posts;
			productName = Posts;
			productReference = 104CB2902296C23500204D66 /* Posts.app */;
			productType = "com.apple.product-type.application";
		};
		104CB2A32296C23800204D66 /* PostsTests */ = {
			isa = PBXNativeTarget;
			buildConfigurationList = 104CB2BB2296C23800204D66 /* Build configuration list for PBXNativeTarget "PostsTests" */;
			buildPhases = (
				2801C11F9B703679B4B272BF /* [CP] Check Pods Manifest.lock */,
				104CB2A02296C23800204D66 /* Sources */,
				104CB2A12296C23800204D66 /* Frameworks */,
				104CB2A22296C23800204D66 /* Resources */,
			);
			buildRules = (
			);
			dependencies = (
				104CB2A62296C23800204D66 /* PBXTargetDependency */,
			);
			name = PostsTests;
			productName = PostsTests;
			productReference = 104CB2A42296C23800204D66 /* PostsTests.xctest */;
			productType = "com.apple.product-type.bundle.unit-test";
		};
		104CB2AE2296C23800204D66 /* PostsUITests */ = {
			isa = PBXNativeTarget;
			buildConfigurationList = 104CB2BE2296C23800204D66 /* Build configuration list for PBXNativeTarget "PostsUITests" */;
			buildPhases = (
				4C1EDABA80CFD9A040495B87 /* [CP] Check Pods Manifest.lock */,
				104CB2AB2296C23800204D66 /* Sources */,
				104CB2AC2296C23800204D66 /* Frameworks */,
				104CB2AD2296C23800204D66 /* Resources */,
			);
			buildRules = (
			);
			dependencies = (
				104CB2B12296C23800204D66 /* PBXTargetDependency */,
			);
			name = PostsUITests;
			productName = PostsUITests;
			productReference = 104CB2AF2296C23800204D66 /* PostsUITests.xctest */;
			productType = "com.apple.product-type.bundle.ui-testing";
		};
/* End PBXNativeTarget section */

/* Begin PBXProject section */
		104CB2882296C23500204D66 /* Project object */ = {
			isa = PBXProject;
			attributes = {
				LastSwiftUpdateCheck = 1020;
				LastUpgradeCheck = 1020;
				ORGANIZATIONNAME = TIMP;
				TargetAttributes = {
					104CB28F2296C23500204D66 = {
						CreatedOnToolsVersion = 10.2.1;
					};
					104CB2A32296C23800204D66 = {
						CreatedOnToolsVersion = 10.2.1;
						TestTargetID = 104CB28F2296C23500204D66;
					};
					104CB2AE2296C23800204D66 = {
						CreatedOnToolsVersion = 10.2.1;
						TestTargetID = 104CB28F2296C23500204D66;
					};
				};
			};
			buildConfigurationList = 104CB28B2296C23500204D66 /* Build configuration list for PBXProject "Posts" */;
			compatibilityVersion = "Xcode 9.3";
			developmentRegion = en;
			hasScannedForEncodings = 0;
			knownRegions = (
				en,
				Base,
			);
			mainGroup = 104CB2872296C23500204D66;
			productRefGroup = 104CB2912296C23500204D66 /* Products */;
			projectDirPath = "";
			projectRoot = "";
			targets = (
				104CB28F2296C23500204D66 /* Posts */,
				104CB2A32296C23800204D66 /* PostsTests */,
				104CB2AE2296C23800204D66 /* PostsUITests */,
			);
		};
/* End PBXProject section */

/* Begin PBXResourcesBuildPhase section */
		104CB28E2296C23500204D66 /* Resources */ = {
			isa = PBXResourcesBuildPhase;
			buildActionMask = 2147483647;
			files = (
				104CB29E2296C23800204D66 /* LaunchScreen.storyboard in Resources */,
				104CB29B2296C23800204D66 /* Assets.xcassets in Resources */,
				104CB2992296C23500204D66 /* Main.storyboard in Resources */,
			);
			runOnlyForDeploymentPostprocessing = 0;
		};
		104CB2A22296C23800204D66 /* Resources */ = {
			isa = PBXResourcesBuildPhase;
			buildActionMask = 2147483647;
			files = (
			);
			runOnlyForDeploymentPostprocessing = 0;
		};
		104CB2AD2296C23800204D66 /* Resources */ = {
			isa = PBXResourcesBuildPhase;
			buildActionMask = 2147483647;
			files = (
			);
			runOnlyForDeploymentPostprocessing = 0;
		};
/* End PBXResourcesBuildPhase section */

/* Begin PBXShellScriptBuildPhase section */
		2801C11F9B703679B4B272BF /* [CP] Check Pods Manifest.lock */ = {
			isa = PBXShellScriptBuildPhase;
			buildActionMask = 2147483647;
			files = (
			);
			inputFileListPaths = (
			);
			inputPaths = (
				"${PODS_PODFILE_DIR_PATH}/Podfile.lock",
				"${PODS_ROOT}/Manifest.lock",
			);
			name = "[CP] Check Pods Manifest.lock";
			outputFileListPaths = (
			);
			outputPaths = (
				"$(DERIVED_FILE_DIR)/Pods-PostsTests-checkManifestLockResult.txt",
			);
			runOnlyForDeploymentPostprocessing = 0;
			shellPath = /bin/sh;
			shellScript = "diff \"${PODS_PODFILE_DIR_PATH}/Podfile.lock\" \"${PODS_ROOT}/Manifest.lock\" > /dev/null\nif [ $? != 0 ] ; then\n    # print error to STDERR\n    echo \"error: The sandbox is not in sync with the Podfile.lock. Run 'pod install' or update your CocoaPods installation.\" >&2\n    exit 1\nfi\n# This output is used by Xcode 'outputs' to avoid re-running this script phase.\necho \"SUCCESS\" > \"${SCRIPT_OUTPUT_FILE_0}\"\n";
			showEnvVarsInLog = 0;
		};
		4C1EDABA80CFD9A040495B87 /* [CP] Check Pods Manifest.lock */ = {
			isa = PBXShellScriptBuildPhase;
			buildActionMask = 2147483647;
			files = (
			);
			inputFileListPaths = (
			);
			inputPaths = (
				"${PODS_PODFILE_DIR_PATH}/Podfile.lock",
				"${PODS_ROOT}/Manifest.lock",
			);
			name = "[CP] Check Pods Manifest.lock";
			outputFileListPaths = (
			);
			outputPaths = (
				"$(DERIVED_FILE_DIR)/Pods-PostsUITests-checkManifestLockResult.txt",
			);
			runOnlyForDeploymentPostprocessing = 0;
			shellPath = /bin/sh;
			shellScript = "diff \"${PODS_PODFILE_DIR_PATH}/Podfile.lock\" \"${PODS_ROOT}/Manifest.lock\" > /dev/null\nif [ $? != 0 ] ; then\n    # print error to STDERR\n    echo \"error: The sandbox is not in sync with the Podfile.lock. Run 'pod install' or update your CocoaPods installation.\" >&2\n    exit 1\nfi\n# This output is used by Xcode 'outputs' to avoid re-running this script phase.\necho \"SUCCESS\" > \"${SCRIPT_OUTPUT_FILE_0}\"\n";
			showEnvVarsInLog = 0;
		};
		9171D0ED929F0CE23B185869 /* [CP] Check Pods Manifest.lock */ = {
			isa = PBXShellScriptBuildPhase;
			buildActionMask = 2147483647;
			files = (
			);
			inputFileListPaths = (
			);
			inputPaths = (
				"${PODS_PODFILE_DIR_PATH}/Podfile.lock",
				"${PODS_ROOT}/Manifest.lock",
			);
			name = "[CP] Check Pods Manifest.lock";
			outputFileListPaths = (
			);
			outputPaths = (
				"$(DERIVED_FILE_DIR)/Pods-Posts-checkManifestLockResult.txt",
			);
			runOnlyForDeploymentPostprocessing = 0;
			shellPath = /bin/sh;
			shellScript = "diff \"${PODS_PODFILE_DIR_PATH}/Podfile.lock\" \"${PODS_ROOT}/Manifest.lock\" > /dev/null\nif [ $? != 0 ] ; then\n    # print error to STDERR\n    echo \"error: The sandbox is not in sync with the Podfile.lock. Run 'pod install' or update your CocoaPods installation.\" >&2\n    exit 1\nfi\n# This output is used by Xcode 'outputs' to avoid re-running this script phase.\necho \"SUCCESS\" > \"${SCRIPT_OUTPUT_FILE_0}\"\n";
			showEnvVarsInLog = 0;
		};
/* End PBXShellScriptBuildPhase section */

/* Begin PBXSourcesBuildPhase section */
		104CB28C2296C23500204D66 /* Sources */ = {
			isa = PBXSourcesBuildPhase;
			buildActionMask = 2147483647;
			files = (
				104CB2962296C23500204D66 /* ViewController.swift in Sources */,
				104CB2942296C23500204D66 /* AppDelegate.swift in Sources */,
			);
			runOnlyForDeploymentPostprocessing = 0;
		};
		104CB2A02296C23800204D66 /* Sources */ = {
			isa = PBXSourcesBuildPhase;
			buildActionMask = 2147483647;
			files = (
				104CB2A92296C23800204D66 /* PostsTests.swift in Sources */,
			);
			runOnlyForDeploymentPostprocessing = 0;
		};
		104CB2AB2296C23800204D66 /* Sources */ = {
			isa = PBXSourcesBuildPhase;
			buildActionMask = 2147483647;
			files = (
				104CB2B42296C23800204D66 /* PostsUITests.swift in Sources */,
			);
			runOnlyForDeploymentPostprocessing = 0;
		};
/* End PBXSourcesBuildPhase section */

/* Begin PBXTargetDependency section */
		104CB2A62296C23800204D66 /* PBXTargetDependency */ = {
			isa = PBXTargetDependency;
			target = 104CB28F2296C23500204D66 /* Posts */;
			targetProxy = 104CB2A52296C23800204D66 /* PBXContainerItemProxy */;
		};
		104CB2B12296C23800204D66 /* PBXTargetDependency */ = {
			isa = PBXTargetDependency;
			target = 104CB28F2296C23500204D66 /* Posts */;
			targetProxy = 104CB2B02296C23800204D66 /* PBXContainerItemProxy */;
		};
/* End PBXTargetDependency section */

/* Begin PBXVariantGroup section */
		104CB2972296C23500204D66 /* Main.storyboard */ = {
			isa = PBXVariantGroup;
			children = (
				104CB2982296C23500204D66 /* Base */,
			);
			name = Main.storyboard;
			sourceTree = "<group>";
		};
		104CB29C2296C23800204D66 /* LaunchScreen.storyboard */ = {
			isa = PBXVariantGroup;
			children = (
				104CB29D2296C23800204D66 /* Base */,
			);
			name = LaunchScreen.storyboard;
			sourceTree = "<group>";
		};
/* End PBXVariantGroup section */

/* Begin XCBuildConfiguration section */
		104CB2B62296C23800204D66 /* Debug */ = {
			isa = XCBuildConfiguration;
			buildSettings = {
				ALWAYS_SEARCH_USER_PATHS = NO;
				CLANG_ANALYZER_NONNULL = YES;
				CLANG_ANALYZER_NUMBER_OBJECT_CONVERSION = YES_AGGRESSIVE;
				CLANG_CXX_LANGUAGE_STANDARD = "gnu++14";
				CLANG_CXX_LIBRARY = "libc++";
				CLANG_ENABLE_MODULES = YES;
				CLANG_ENABLE_OBJC_ARC = YES;
				CLANG_ENABLE_OBJC_WEAK = YES;
				CLANG_WARN_BLOCK_CAPTURE_AUTORELEASING = YES;
				CLANG_WARN_BOOL_CONVERSION = YES;
				CLANG_WARN_COMMA = YES;
				CLANG_WARN_CONSTANT_CONVERSION = YES;
				CLANG_WARN_DEPRECATED_OBJC_IMPLEMENTATIONS = YES;
				CLANG_WARN_DIRECT_OBJC_ISA_USAGE = YES_ERROR;
				CLANG_WARN_DOCUMENTATION_COMMENTS = YES;
				CLANG_WARN_EMPTY_BODY = YES;
				CLANG_WARN_ENUM_CONVERSION = YES;
				CLANG_WARN_INFINITE_RECURSION = YES;
				CLANG_WARN_INT_CONVERSION = YES;
				CLANG_WARN_NON_LITERAL_NULL_CONVERSION = YES;
				CLANG_WARN_OBJC_IMPLICIT_RETAIN_SELF = YES;
				CLANG_WARN_OBJC_LITERAL_CONVERSION = YES;
				CLANG_WARN_OBJC_ROOT_CLASS = YES_ERROR;
				CLANG_WARN_RANGE_LOOP_ANALYSIS = YES;
				CLANG_WARN_STRICT_PROTOTYPES = YES;
				CLANG_WARN_SUSPICIOUS_MOVE = YES;
				CLANG_WARN_UNGUARDED_AVAILABILITY = YES_AGGRESSIVE;
				CLANG_WARN_UNREACHABLE_CODE = YES;
				CLANG_WARN__DUPLICATE_METHOD_MATCH = YES;
				CODE_SIGN_IDENTITY = "iPhone Developer";
				COPY_PHASE_STRIP = NO;
				DEBUG_INFORMATION_FORMAT = dwarf;
				ENABLE_STRICT_OBJC_MSGSEND = YES;
				ENABLE_TESTABILITY = YES;
				GCC_C_LANGUAGE_STANDARD = gnu11;
				GCC_DYNAMIC_NO_PIC = NO;
				GCC_NO_COMMON_BLOCKS = YES;
				GCC_OPTIMIZATION_LEVEL = 0;
				GCC_PREPROCESSOR_DEFINITIONS = (
					"DEBUG=1",
					"$(inherited)",
				);
				GCC_WARN_64_TO_32_BIT_CONVERSION = YES;
				GCC_WARN_ABOUT_RETURN_TYPE = YES_ERROR;
				GCC_WARN_UNDECLARED_SELECTOR = YES;
				GCC_WARN_UNINITIALIZED_AUTOS = YES_AGGRESSIVE;
				GCC_WARN_UNUSED_FUNCTION = YES;
				GCC_WARN_UNUSED_VARIABLE = YES;
				IPHONEOS_DEPLOYMENT_TARGET = 12.2;
				MTL_ENABLE_DEBUG_INFO = INCLUDE_SOURCE;
				MTL_FAST_MATH = YES;
				ONLY_ACTIVE_ARCH = YES;
				SDKROOT = iphoneos;
				SWIFT_ACTIVE_COMPILATION_CONDITIONS = DEBUG;
				SWIFT_OPTIMIZATION_LEVEL = "-Onone";
			};
			name = Debug;
		};
		104CB2B72296C23800204D66 /* Release */ = {
			isa = XCBuildConfiguration;
			buildSettings = {
				ALWAYS_SEARCH_USER_PATHS = NO;
				CLANG_ANALYZER_NONNULL = YES;
				CLANG_ANALYZER_NUMBER_OBJECT_CONVERSION = YES_AGGRESSIVE;
				CLANG_CXX_LANGUAGE_STANDARD = "gnu++14";
				CLANG_CXX_LIBRARY = "libc++";
				CLANG_ENABLE_MODULES = YES;
				CLANG_ENABLE_OBJC_ARC = YES;
				CLANG_ENABLE_OBJC_WEAK = YES;
				CLANG_WARN_BLOCK_CAPTURE_AUTORELEASING = YES;
				CLANG_WARN_BOOL_CONVERSION = YES;
				CLANG_WARN_COMMA = YES;
				CLANG_WARN_CONSTANT_CONVERSION = YES;
				CLANG_WARN_DEPRECATED_OBJC_IMPLEMENTATIONS = YES;
				CLANG_WARN_DIRECT_OBJC_ISA_USAGE = YES_ERROR;
				CLANG_WARN_DOCUMENTATION_COMMENTS = YES;
				CLANG_WARN_EMPTY_BODY = YES;
				CLANG_WARN_ENUM_CONVERSION = YES;
				CLANG_WARN_INFINITE_RECURSION = YES;
				CLANG_WARN_INT_CONVERSION = YES;
				CLANG_WARN_NON_LITERAL_NULL_CONVERSION = YES;
				CLANG_WARN_OBJC_IMPLICIT_RETAIN_SELF = YES;
				CLANG_WARN_OBJC_LITERAL_CONVERSION = YES;
				CLANG_WARN_OBJC_ROOT_CLASS = YES_ERROR;
				CLANG_WARN_RANGE_LOOP_ANALYSIS = YES;
				CLANG_WARN_STRICT_PROTOTYPES = YES;
				CLANG_WARN_SUSPICIOUS_MOVE = YES;
				CLANG_WARN_UNGUARDED_AVAILABILITY = YES_AGGRESSIVE;
				CLANG_WARN_UNREACHABLE_CODE = YES;
				CLANG_WARN__DUPLICATE_METHOD_MATCH = YES;
				CODE_SIGN_IDENTITY = "iPhone Developer";
				COPY_PHASE_STRIP = NO;
				DEBUG_INFORMATION_FORMAT = "dwarf-with-dsym";
				ENABLE_NS_ASSERTIONS = NO;
				ENABLE_STRICT_OBJC_MSGSEND = YES;
				GCC_C_LANGUAGE_STANDARD = gnu11;
				GCC_NO_COMMON_BLOCKS = YES;
				GCC_WARN_64_TO_32_BIT_CONVERSION = YES;
				GCC_WARN_ABOUT_RETURN_TYPE = YES_ERROR;
				GCC_WARN_UNDECLARED_SELECTOR = YES;
				GCC_WARN_UNINITIALIZED_AUTOS = YES_AGGRESSIVE;
				GCC_WARN_UNUSED_FUNCTION = YES;
				GCC_WARN_UNUSED_VARIABLE = YES;
				IPHONEOS_DEPLOYMENT_TARGET = 12.2;
				MTL_ENABLE_DEBUG_INFO = NO;
				MTL_FAST_MATH = YES;
				SDKROOT = iphoneos;
				SWIFT_COMPILATION_MODE = wholemodule;
				SWIFT_OPTIMIZATION_LEVEL = "-O";
				VALIDATE_PRODUCT = YES;
			};
			name = Release;
		};
		104CB2B92296C23800204D66 /* Debug */ = {
			isa = XCBuildConfiguration;
			baseConfigurationReference = AA1E73B65C76CA91A4E9DD6F /* Pods-Posts.debug.xcconfig */;
			buildSettings = {
				ASSETCATALOG_COMPILER_APPICON_NAME = AppIcon;
				CODE_SIGN_STYLE = Automatic;
				INFOPLIST_FILE = Posts/Info.plist;
				LD_RUNPATH_SEARCH_PATHS = (
					"$(inherited)",
					"@executable_path/Frameworks",
				);
				PRODUCT_BUNDLE_IDENTIFIER = com.timp.Posts;
				PRODUCT_NAME = "$(TARGET_NAME)";
				SWIFT_VERSION = 5.0;
				TARGETED_DEVICE_FAMILY = "1,2";
			};
			name = Debug;
		};
		104CB2BA2296C23800204D66 /* Release */ = {
			isa = XCBuildConfiguration;
			baseConfigurationReference = D85348B2A7F65A77F64C7A66 /* Pods-Posts.release.xcconfig */;
			buildSettings = {
				ASSETCATALOG_COMPILER_APPICON_NAME = AppIcon;
				CODE_SIGN_STYLE = Automatic;
				INFOPLIST_FILE = Posts/Info.plist;
				LD_RUNPATH_SEARCH_PATHS = (
					"$(inherited)",
					"@executable_path/Frameworks",
				);
				PRODUCT_BUNDLE_IDENTIFIER = com.timp.Posts;
				PRODUCT_NAME = "$(TARGET_NAME)";
				SWIFT_VERSION = 5.0;
				TARGETED_DEVICE_FAMILY = "1,2";
			};
			name = Release;
		};
		104CB2BC2296C23800204D66 /* Debug */ = {
			isa = XCBuildConfiguration;
			baseConfigurationReference = C09A91633DB7FE49A3A3DDA4 /* Pods-PostsTests.debug.xcconfig */;
			buildSettings = {
				ALWAYS_EMBED_SWIFT_STANDARD_LIBRARIES = YES;
				BUNDLE_LOADER = "$(TEST_HOST)";
				CODE_SIGN_STYLE = Automatic;
				INFOPLIST_FILE = PostsTests/Info.plist;
				LD_RUNPATH_SEARCH_PATHS = (
					"$(inherited)",
					"@executable_path/Frameworks",
					"@loader_path/Frameworks",
				);
				PRODUCT_BUNDLE_IDENTIFIER = com.timp.PostsTests;
				PRODUCT_NAME = "$(TARGET_NAME)";
				SWIFT_VERSION = 5.0;
				TARGETED_DEVICE_FAMILY = "1,2";
				TEST_HOST = "$(BUILT_PRODUCTS_DIR)/Posts.app/Posts";
			};
			name = Debug;
		};
		104CB2BD2296C23800204D66 /* Release */ = {
			isa = XCBuildConfiguration;
			baseConfigurationReference = B90793CCFB87AA8465F28090 /* Pods-PostsTests.release.xcconfig */;
			buildSettings = {
				ALWAYS_EMBED_SWIFT_STANDARD_LIBRARIES = YES;
				BUNDLE_LOADER = "$(TEST_HOST)";
				CODE_SIGN_STYLE = Automatic;
				INFOPLIST_FILE = PostsTests/Info.plist;
				LD_RUNPATH_SEARCH_PATHS = (
					"$(inherited)",
					"@executable_path/Frameworks",
					"@loader_path/Frameworks",
				);
				PRODUCT_BUNDLE_IDENTIFIER = com.timp.PostsTests;
				PRODUCT_NAME = "$(TARGET_NAME)";
				SWIFT_VERSION = 5.0;
				TARGETED_DEVICE_FAMILY = "1,2";
				TEST_HOST = "$(BUILT_PRODUCTS_DIR)/Posts.app/Posts";
			};
			name = Release;
		};
		104CB2BF2296C23800204D66 /* Debug */ = {
			isa = XCBuildConfiguration;
			baseConfigurationReference = 8AB6878D83DB95E8EF56D3EA /* Pods-PostsUITests.debug.xcconfig */;
			buildSettings = {
				ALWAYS_EMBED_SWIFT_STANDARD_LIBRARIES = YES;
				CODE_SIGN_STYLE = Automatic;
				INFOPLIST_FILE = PostsUITests/Info.plist;
				LD_RUNPATH_SEARCH_PATHS = (
					"$(inherited)",
					"@executable_path/Frameworks",
					"@loader_path/Frameworks",
				);
				PRODUCT_BUNDLE_IDENTIFIER = com.timp.PostsUITests;
				PRODUCT_NAME = "$(TARGET_NAME)";
				SWIFT_VERSION = 5.0;
				TARGETED_DEVICE_FAMILY = "1,2";
				TEST_TARGET_NAME = Posts;
			};
			name = Debug;
		};
		104CB2C02296C23800204D66 /* Release */ = {
			isa = XCBuildConfiguration;
			baseConfigurationReference = 8303CB5AD74885D736B7F53B /* Pods-PostsUITests.release.xcconfig */;
			buildSettings = {
				ALWAYS_EMBED_SWIFT_STANDARD_LIBRARIES = YES;
				CODE_SIGN_STYLE = Automatic;
				INFOPLIST_FILE = PostsUITests/Info.plist;
				LD_RUNPATH_SEARCH_PATHS = (
					"$(inherited)",
					"@executable_path/Frameworks",
					"@loader_path/Frameworks",
				);
				PRODUCT_BUNDLE_IDENTIFIER = com.timp.PostsUITests;
				PRODUCT_NAME = "$(TARGET_NAME)";
				SWIFT_VERSION = 5.0;
				TARGETED_DEVICE_FAMILY = "1,2";
				TEST_TARGET_NAME = Posts;
			};
			name = Release;
		};
/* End XCBuildConfiguration section */

/* Begin XCConfigurationList section */
		104CB28B2296C23500204D66 /* Build configuration list for PBXProject "Posts" */ = {
			isa = XCConfigurationList;
			buildConfigurations = (
				104CB2B62296C23800204D66 /* Debug */,
				104CB2B72296C23800204D66 /* Release */,
			);
			defaultConfigurationIsVisible = 0;
			defaultConfigurationName = Release;
		};
		104CB2B82296C23800204D66 /* Build configuration list for PBXNativeTarget "Posts" */ = {
			isa = XCConfigurationList;
			buildConfigurations = (
				104CB2B92296C23800204D66 /* Debug */,
				104CB2BA2296C23800204D66 /* Release */,
			);
			defaultConfigurationIsVisible = 0;
			defaultConfigurationName = Release;
		};
		104CB2BB2296C23800204D66 /* Build configuration list for PBXNativeTarget "PostsTests" */ = {
			isa = XCConfigurationList;
			buildConfigurations = (
				104CB2BC2296C23800204D66 /* Debug */,
				104CB2BD2296C23800204D66 /* Release */,
			);
			defaultConfigurationIsVisible = 0;
			defaultConfigurationName = Release;
		};
		104CB2BE2296C23800204D66 /* Build configuration list for PBXNativeTarget "PostsUITests" */ = {
			isa = XCConfigurationList;
			buildConfigurations = (
				104CB2BF2296C23800204D66 /* Debug */,
				104CB2C02296C23800204D66 /* Release */,
			);
			defaultConfigurationIsVisible = 0;
			defaultConfigurationName = Release;
		};
/* End XCConfigurationList section */
	};
	rootObject = 104CB2882296C23500204D66 /* Project object */;
}
